// !$*UTF8*$!
{
	archiveVersion = 1;
	classes = {
	};
	objectVersion = 50;
	objects = {

/* Begin PBXBuildFile section */
		376FB336232FC5EB002B8712 /* HomeVC.swift in Sources */ = {isa = PBXBuildFile; fileRef = 376FB335232FC5EB002B8712 /* HomeVC.swift */; };
		3782573A2351B572005290EC /* AZPreviewImageViewDelegate.swift in Sources */ = {isa = PBXBuildFile; fileRef = 378257372351B572005290EC /* AZPreviewImageViewDelegate.swift */; };
		3782573B2351B572005290EC /* PannableScrollView.swift in Sources */ = {isa = PBXBuildFile; fileRef = 378257382351B572005290EC /* PannableScrollView.swift */; };
		3782573C2351B572005290EC /* AZImagePresenterViewController.swift in Sources */ = {isa = PBXBuildFile; fileRef = 378257392351B572005290EC /* AZImagePresenterViewController.swift */; };
		37E0EF9823311A7100CAE830 /* Default-568h@2x.png in Resources */ = {isa = PBXBuildFile; fileRef = 37E0EF9723311A7100CAE830 /* Default-568h@2x.png */; };
		37E6060A2330A3DE0084B863 /* ListVC.swift in Sources */ = {isa = PBXBuildFile; fileRef = 37E606092330A3DE0084B863 /* ListVC.swift */; };
		37FE2592232F593F009290EA /* AppDelegate.swift in Sources */ = {isa = PBXBuildFile; fileRef = 37FE2591232F593F009290EA /* AppDelegate.swift */; };
		37FE2597232F593F009290EA /* Main.storyboard in Resources */ = {isa = PBXBuildFile; fileRef = 37FE2595232F593F009290EA /* Main.storyboard */; };
		37FE2599232F594B009290EA /* Assets.xcassets in Resources */ = {isa = PBXBuildFile; fileRef = 37FE2598232F594B009290EA /* Assets.xcassets */; };
		37FE259C232F594B009290EA /* LaunchScreen.storyboard in Resources */ = {isa = PBXBuildFile; fileRef = 37FE259A232F594B009290EA /* LaunchScreen.storyboard */; };
		37FE2CEA232F5A66009290EA /* Helper.swift in Sources */ = {isa = PBXBuildFile; fileRef = 37FE2CE9232F5A66009290EA /* Helper.swift */; };
		37FE2D60232F6C03009290EA /* Localizable.strings in Resources */ = {isa = PBXBuildFile; fileRef = 37FE2D5F232F6C03009290EA /* Localizable.strings */; };
		37FE2D65232F6EAC009290EA /* SF-Pro-Display-Regular.otf in Resources */ = {isa = PBXBuildFile; fileRef = 37FE2D62232F6EAB009290EA /* SF-Pro-Display-Regular.otf */; };
		37FE2D66232F6EAC009290EA /* SF-Pro-Display-Bold.otf in Resources */ = {isa = PBXBuildFile; fileRef = 37FE2D63232F6EAB009290EA /* SF-Pro-Display-Bold.otf */; };
		37FE2D67232F6EAC009290EA /* SF-Pro-Display-Medium.otf in Resources */ = {isa = PBXBuildFile; fileRef = 37FE2D64232F6EAB009290EA /* SF-Pro-Display-Medium.otf */; };
		37FE2D6A232F747B009290EA /* WebKit.framework in Frameworks */ = {isa = PBXBuildFile; fileRef = 37FE2D69232F747B009290EA /* WebKit.framework */; };
		37FE2D71232FB60C009290EA /* CoreDB.xcdatamodeld in Sources */ = {isa = PBXBuildFile; fileRef = 37FE2D6F232FB60C009290EA /* CoreDB.xcdatamodeld */; };
		37FE2D73232FB797009290EA /* CoreData.framework in Frameworks */ = {isa = PBXBuildFile; fileRef = 37FE2D72232FB797009290EA /* CoreData.framework */; };
/* End PBXBuildFile section */

/* Begin PBXFileReference section */
		376FB335232FC5EB002B8712 /* HomeVC.swift */ = {isa = PBXFileReference; lastKnownFileType = sourcecode.swift; path = HomeVC.swift; sourceTree = "<group>"; };
		378257372351B572005290EC /* AZPreviewImageViewDelegate.swift */ = {isa = PBXFileReference; fileEncoding = 4; lastKnownFileType = sourcecode.swift; path = AZPreviewImageViewDelegate.swift; sourceTree = "<group>"; };
		378257382351B572005290EC /* PannableScrollView.swift */ = {isa = PBXFileReference; fileEncoding = 4; lastKnownFileType = sourcecode.swift; path = PannableScrollView.swift; sourceTree = "<group>"; };
		378257392351B572005290EC /* AZImagePresenterViewController.swift */ = {isa = PBXFileReference; fileEncoding = 4; lastKnownFileType = sourcecode.swift; path = AZImagePresenterViewController.swift; sourceTree = "<group>"; };
		37E0EF9723311A7100CAE830 /* Default-568h@2x.png */ = {isa = PBXFileReference; lastKnownFileType = image.png; path = "Default-568h@2x.png"; sourceTree = "<group>"; };
		37E0EF9923311ABA00CAE830 /* bridging_header.h */ = {isa = PBXFileReference; lastKnownFileType = sourcecode.c.h; path = bridging_header.h; sourceTree = "<group>"; };
		37E606092330A3DE0084B863 /* ListVC.swift */ = {isa = PBXFileReference; lastKnownFileType = sourcecode.swift; path = ListVC.swift; sourceTree = "<group>"; };
		37FE258E232F593F009290EA /* Customised List View.app */ = {isa = PBXFileReference; explicitFileType = wrapper.application; includeInIndex = 0; path = "Customised List View.app"; sourceTree = BUILT_PRODUCTS_DIR; };
		37FE2591232F593F009290EA /* AppDelegate.swift */ = {isa = PBXFileReference; lastKnownFileType = sourcecode.swift; path = AppDelegate.swift; sourceTree = "<group>"; };
		37FE2596232F593F009290EA /* Base */ = {isa = PBXFileReference; lastKnownFileType = file.storyboard; name = Base; path = Base.lproj/Main.storyboard; sourceTree = "<group>"; };
		37FE2598232F594B009290EA /* Assets.xcassets */ = {isa = PBXFileReference; lastKnownFileType = folder.assetcatalog; path = Assets.xcassets; sourceTree = "<group>"; };
		37FE259B232F594B009290EA /* Base */ = {isa = PBXFileReference; lastKnownFileType = file.storyboard; name = Base; path = Base.lproj/LaunchScreen.storyboard; sourceTree = "<group>"; };
		37FE259D232F594B009290EA /* Info.plist */ = {isa = PBXFileReference; lastKnownFileType = text.plist.xml; path = Info.plist; sourceTree = "<group>"; };
		37FE2CE9232F5A66009290EA /* Helper.swift */ = {isa = PBXFileReference; fileEncoding = 4; lastKnownFileType = sourcecode.swift; path = Helper.swift; sourceTree = "<group>"; };
		37FE2D5F232F6C03009290EA /* Localizable.strings */ = {isa = PBXFileReference; lastKnownFileType = text.plist.strings; path = Localizable.strings; sourceTree = "<group>"; };
		37FE2D62232F6EAB009290EA /* SF-Pro-Display-Regular.otf */ = {isa = PBXFileReference; lastKnownFileType = file; path = "SF-Pro-Display-Regular.otf"; sourceTree = "<group>"; };
		37FE2D63232F6EAB009290EA /* SF-Pro-Display-Bold.otf */ = {isa = PBXFileReference; lastKnownFileType = file; path = "SF-Pro-Display-Bold.otf"; sourceTree = "<group>"; };
		37FE2D64232F6EAB009290EA /* SF-Pro-Display-Medium.otf */ = {isa = PBXFileReference; lastKnownFileType = file; path = "SF-Pro-Display-Medium.otf"; sourceTree = "<group>"; };
		37FE2D69232F747B009290EA /* WebKit.framework */ = {isa = PBXFileReference; lastKnownFileType = wrapper.framework; name = WebKit.framework; path = System/Library/Frameworks/WebKit.framework; sourceTree = SDKROOT; };
		37FE2D70232FB60C009290EA /* Registration_demo.xcdatamodel */ = {isa = PBXFileReference; lastKnownFileType = wrapper.xcdatamodel; path = Registration_demo.xcdatamodel; sourceTree = "<group>"; };
		37FE2D72232FB797009290EA /* CoreData.framework */ = {isa = PBXFileReference; lastKnownFileType = wrapper.framework; name = CoreData.framework; path = System/Library/Frameworks/CoreData.framework; sourceTree = SDKROOT; };
/* End PBXFileReference section */

/* Begin PBXFrameworksBuildPhase section */
		37FE258B232F593F009290EA /* Frameworks */ = {
			isa = PBXFrameworksBuildPhase;
			buildActionMask = 2147483647;
			files = (
				37FE2D73232FB797009290EA /* CoreData.framework in Frameworks */,
				37FE2D6A232F747B009290EA /* WebKit.framework in Frameworks */,
			);
			runOnlyForDeploymentPostprocessing = 0;
		};
/* End PBXFrameworksBuildPhase section */

/* Begin PBXGroup section */
		378257362351B572005290EC /* ImagePreview */ = {
			isa = PBXGroup;
			children = (
				378257372351B572005290EC /* AZPreviewImageViewDelegate.swift */,
				378257382351B572005290EC /* PannableScrollView.swift */,
				378257392351B572005290EC /* AZImagePresenterViewController.swift */,
			);
			path = ImagePreview;
			sourceTree = "<group>";
		};
		37E606082330A0D20084B863 /* TabBar */ = {
			isa = PBXGroup;
			children = (
				376FB335232FC5EB002B8712 /* HomeVC.swift */,
				37E606092330A3DE0084B863 /* ListVC.swift */,
			);
			path = TabBar;
			sourceTree = "<group>";
		};
		37FE2585232F593F009290EA = {
			isa = PBXGroup;
			children = (
				37E0EF9723311A7100CAE830 /* Default-568h@2x.png */,
				37FE2590232F593F009290EA /* Customised List View */,
				37FE258F232F593F009290EA /* Products */,
				37FE2D68232F747A009290EA /* Frameworks */,
			);
			sourceTree = "<group>";
		};
		37FE258F232F593F009290EA /* Products */ = {
			isa = PBXGroup;
			children = (
				37FE258E232F593F009290EA /* Customised List View.app */,
			);
			name = Products;
			sourceTree = "<group>";
		};
		37FE2590232F593F009290EA /* Customised List View */ = {
			isa = PBXGroup;
			children = (
				37FE25A3232F5A14009290EA /* Third Party Libraries */,
				37FE2CED232F5B4A009290EA /* View Controllers */,
				37FE2CEC232F5B0E009290EA /* Storyboards */,
				37FE2598232F594B009290EA /* Assets.xcassets */,
				37FE2D61232F6EAB009290EA /* Font */,
				37FE259D232F594B009290EA /* Info.plist */,
				37E0EF9923311ABA00CAE830 /* bridging_header.h */,
				37FE2D5F232F6C03009290EA /* Localizable.strings */,
				37FE2D6F232FB60C009290EA /* CoreDB.xcdatamodeld */,
			);
			path = "Customised List View";
			sourceTree = "<group>";
		};
		37FE25A3232F5A14009290EA /* Third Party Libraries */ = {
			isa = PBXGroup;
			children = (
				378257362351B572005290EC /* ImagePreview */,
				37FE2CE8232F5A66009290EA /* HelperClass */,
			);
			path = "Third Party Libraries";
			sourceTree = "<group>";
		};
		37FE2CE8232F5A66009290EA /* HelperClass */ = {
			isa = PBXGroup;
			children = (
				37FE2CE9232F5A66009290EA /* Helper.swift */,
			);
			path = HelperClass;
			sourceTree = "<group>";
		};
		37FE2CEC232F5B0E009290EA /* Storyboards */ = {
			isa = PBXGroup;
			children = (
				37FE259A232F594B009290EA /* LaunchScreen.storyboard */,
				37FE2595232F593F009290EA /* Main.storyboard */,
			);
			path = Storyboards;
			sourceTree = "<group>";
		};
		37FE2CED232F5B4A009290EA /* View Controllers */ = {
			isa = PBXGroup;
			children = (
				37E606082330A0D20084B863 /* TabBar */,
				37FE2591232F593F009290EA /* AppDelegate.swift */,
			);
			path = "View Controllers";
			sourceTree = "<group>";
		};
		37FE2D61232F6EAB009290EA /* Font */ = {
			isa = PBXGroup;
			children = (
				37FE2D62232F6EAB009290EA /* SF-Pro-Display-Regular.otf */,
				37FE2D63232F6EAB009290EA /* SF-Pro-Display-Bold.otf */,
				37FE2D64232F6EAB009290EA /* SF-Pro-Display-Medium.otf */,
			);
			path = Font;
			sourceTree = "<group>";
		};
		37FE2D68232F747A009290EA /* Frameworks */ = {
			isa = PBXGroup;
			children = (
				37FE2D72232FB797009290EA /* CoreData.framework */,
				37FE2D69232F747B009290EA /* WebKit.framework */,
			);
			name = Frameworks;
			sourceTree = "<group>";
		};
/* End PBXGroup section */

/* Begin PBXNativeTarget section */
		37FE258D232F593F009290EA /* Customised List View */ = {
			isa = PBXNativeTarget;
			buildConfigurationList = 37FE25A0232F594B009290EA /* Build configuration list for PBXNativeTarget "Customised List View" */;
			buildPhases = (
				37FE258A232F593F009290EA /* Sources */,
				37FE258B232F593F009290EA /* Frameworks */,
				37FE258C232F593F009290EA /* Resources */,
			);
			buildRules = (
			);
			dependencies = (
			);
			name = "Customised List View";
			productName = Registration_demo;
			productReference = 37FE258E232F593F009290EA /* Customised List View.app */;
			productType = "com.apple.product-type.application";
		};
/* End PBXNativeTarget section */

/* Begin PBXProject section */
		37FE2586232F593F009290EA /* Project object */ = {
			isa = PBXProject;
			attributes = {
				LastSwiftUpdateCheck = 1020;
				LastUpgradeCheck = 1020;
				ORGANIZATIONNAME = "Sazzadhusen Iproliya";
				TargetAttributes = {
					37FE258D232F593F009290EA = {
						CreatedOnToolsVersion = 10.2;
					};
				};
			};
			buildConfigurationList = 37FE2589232F593F009290EA /* Build configuration list for PBXProject "Customised List View" */;
			compatibilityVersion = "Xcode 9.3";
			developmentRegion = en;
			hasScannedForEncodings = 0;
			knownRegions = (
				en,
				Base,
			);
			mainGroup = 37FE2585232F593F009290EA;
			productRefGroup = 37FE258F232F593F009290EA /* Products */;
			projectDirPath = "";
			projectRoot = "";
			targets = (
				37FE258D232F593F009290EA /* Customised List View */,
			);
		};
/* End PBXProject section */

/* Begin PBXResourcesBuildPhase section */
		37FE258C232F593F009290EA /* Resources */ = {
			isa = PBXResourcesBuildPhase;
			buildActionMask = 2147483647;
			files = (
				37FE2D60232F6C03009290EA /* Localizable.strings in Resources */,
				37FE259C232F594B009290EA /* LaunchScreen.storyboard in Resources */,
				37E0EF9823311A7100CAE830 /* Default-568h@2x.png in Resources */,
				37FE2599232F594B009290EA /* Assets.xcassets in Resources */,
				37FE2597232F593F009290EA /* Main.storyboard in Resources */,
				37FE2D65232F6EAC009290EA /* SF-Pro-Display-Regular.otf in Resources */,
				37FE2D67232F6EAC009290EA /* SF-Pro-Display-Medium.otf in Resources */,
				37FE2D66232F6EAC009290EA /* SF-Pro-Display-Bold.otf in Resources */,
			);
			runOnlyForDeploymentPostprocessing = 0;
		};
/* End PBXResourcesBuildPhase section */

/* Begin PBXSourcesBuildPhase section */
		37FE258A232F593F009290EA /* Sources */ = {
			isa = PBXSourcesBuildPhase;
			buildActionMask = 2147483647;
			files = (
				37E6060A2330A3DE0084B863 /* ListVC.swift in Sources */,
				376FB336232FC5EB002B8712 /* HomeVC.swift in Sources */,
				3782573A2351B572005290EC /* AZPreviewImageViewDelegate.swift in Sources */,
				37FE2592232F593F009290EA /* AppDelegate.swift in Sources */,
				37FE2D71232FB60C009290EA /* CoreDB.xcdatamodeld in Sources */,
				3782573B2351B572005290EC /* PannableScrollView.swift in Sources */,
				3782573C2351B572005290EC /* AZImagePresenterViewController.swift in Sources */,
				37FE2CEA232F5A66009290EA /* Helper.swift in Sources */,
			);
			runOnlyForDeploymentPostprocessing = 0;
		};
/* End PBXSourcesBuildPhase section */

/* Begin PBXVariantGroup section */
		37FE2595232F593F009290EA /* Main.storyboard */ = {
			isa = PBXVariantGroup;
			children = (
				37FE2596232F593F009290EA /* Base */,
			);
			name = Main.storyboard;
			sourceTree = "<group>";
		};
		37FE259A232F594B009290EA /* LaunchScreen.storyboard */ = {
			isa = PBXVariantGroup;
			children = (
				37FE259B232F594B009290EA /* Base */,
			);
			name = LaunchScreen.storyboard;
			sourceTree = "<group>";
		};
/* End PBXVariantGroup section */

/* Begin XCBuildConfiguration section */
		37FE259E232F594B009290EA /* Debug */ = {
			isa = XCBuildConfiguration;
			buildSettings = {
				ALWAYS_SEARCH_USER_PATHS = NO;
				CLANG_ANALYZER_NONNULL = YES;
				CLANG_ANALYZER_NUMBER_OBJECT_CONVERSION = YES_AGGRESSIVE;
				CLANG_CXX_LANGUAGE_STANDARD = "gnu++14";
				CLANG_CXX_LIBRARY = "libc++";
				CLANG_ENABLE_MODULES = YES;
				CLANG_ENABLE_OBJC_ARC = YES;
				CLANG_ENABLE_OBJC_WEAK = YES;
				CLANG_WARN_BLOCK_CAPTURE_AUTORELEASING = YES;
				CLANG_WARN_BOOL_CONVERSION = YES;
				CLANG_WARN_COMMA = YES;
				CLANG_WARN_CONSTANT_CONVERSION = YES;
				CLANG_WARN_DEPRECATED_OBJC_IMPLEMENTATIONS = YES;
				CLANG_WARN_DIRECT_OBJC_ISA_USAGE = YES_ERROR;
				CLANG_WARN_DOCUMENTATION_COMMENTS = YES;
				CLANG_WARN_EMPTY_BODY = YES;
				CLANG_WARN_ENUM_CONVERSION = YES;
				CLANG_WARN_INFINITE_RECURSION = YES;
				CLANG_WARN_INT_CONVERSION = YES;
				CLANG_WARN_NON_LITERAL_NULL_CONVERSION = YES;
				CLANG_WARN_OBJC_IMPLICIT_RETAIN_SELF = YES;
				CLANG_WARN_OBJC_LITERAL_CONVERSION = YES;
				CLANG_WARN_OBJC_ROOT_CLASS = YES_ERROR;
				CLANG_WARN_RANGE_LOOP_ANALYSIS = YES;
				CLANG_WARN_STRICT_PROTOTYPES = YES;
				CLANG_WARN_SUSPICIOUS_MOVE = YES;
				CLANG_WARN_UNGUARDED_AVAILABILITY = YES_AGGRESSIVE;
				CLANG_WARN_UNREACHABLE_CODE = YES;
				CLANG_WARN__DUPLICATE_METHOD_MATCH = YES;
				CODE_SIGN_IDENTITY = "iPhone Developer";
				COPY_PHASE_STRIP = NO;
				DEBUG_INFORMATION_FORMAT = dwarf;
				ENABLE_STRICT_OBJC_MSGSEND = YES;
				ENABLE_TESTABILITY = YES;
				GCC_C_LANGUAGE_STANDARD = gnu11;
				GCC_DYNAMIC_NO_PIC = NO;
				GCC_NO_COMMON_BLOCKS = YES;
				GCC_OPTIMIZATION_LEVEL = 0;
				GCC_PREPROCESSOR_DEFINITIONS = (
					"DEBUG=1",
					"$(inherited)",
				);
				GCC_WARN_64_TO_32_BIT_CONVERSION = YES;
				GCC_WARN_ABOUT_RETURN_TYPE = YES_ERROR;
				GCC_WARN_UNDECLARED_SELECTOR = YES;
				GCC_WARN_UNINITIALIZED_AUTOS = YES_AGGRESSIVE;
				GCC_WARN_UNUSED_FUNCTION = YES;
				GCC_WARN_UNUSED_VARIABLE = YES;
				IPHONEOS_DEPLOYMENT_TARGET = 12.1;
				MTL_ENABLE_DEBUG_INFO = INCLUDE_SOURCE;
				MTL_FAST_MATH = YES;
				ONLY_ACTIVE_ARCH = YES;
				SDKROOT = iphoneos;
				SWIFT_ACTIVE_COMPILATION_CONDITIONS = DEBUG;
				SWIFT_OPTIMIZATION_LEVEL = "-Onone";
			};
			name = Debug;
		};
		37FE259F232F594B009290EA /* Release */ = {
			isa = XCBuildConfiguration;
			buildSettings = {
				ALWAYS_SEARCH_USER_PATHS = NO;
				CLANG_ANALYZER_NONNULL = YES;
				CLANG_ANALYZER_NUMBER_OBJECT_CONVERSION = YES_AGGRESSIVE;
				CLANG_CXX_LANGUAGE_STANDARD = "gnu++14";
				CLANG_CXX_LIBRARY = "libc++";
				CLANG_ENABLE_MODULES = YES;
				CLANG_ENABLE_OBJC_ARC = YES;
				CLANG_ENABLE_OBJC_WEAK = YES;
				CLANG_WARN_BLOCK_CAPTURE_AUTORELEASING = YES;
				CLANG_WARN_BOOL_CONVERSION = YES;
				CLANG_WARN_COMMA = YES;
				CLANG_WARN_CONSTANT_CONVERSION = YES;
				CLANG_WARN_DEPRECATED_OBJC_IMPLEMENTATIONS = YES;
				CLANG_WARN_DIRECT_OBJC_ISA_USAGE = YES_ERROR;
				CLANG_WARN_DOCUMENTATION_COMMENTS = YES;
				CLANG_WARN_EMPTY_BODY = YES;
				CLANG_WARN_ENUM_CONVERSION = YES;
				CLANG_WARN_INFINITE_RECURSION = YES;
				CLANG_WARN_INT_CONVERSION = YES;
				CLANG_WARN_NON_LITERAL_NULL_CONVERSION = YES;
				CLANG_WARN_OBJC_IMPLICIT_RETAIN_SELF = YES;
				CLANG_WARN_OBJC_LITERAL_CONVERSION = YES;
				CLANG_WARN_OBJC_ROOT_CLASS = YES_ERROR;
				CLANG_WARN_RANGE_LOOP_ANALYSIS = YES;
				CLANG_WARN_STRICT_PROTOTYPES = YES;
				CLANG_WARN_SUSPICIOUS_MOVE = YES;
				CLANG_WARN_UNGUARDED_AVAILABILITY = YES_AGGRESSIVE;
				CLANG_WARN_UNREACHABLE_CODE = YES;
				CLANG_WARN__DUPLICATE_METHOD_MATCH = YES;
				CODE_SIGN_IDENTITY = "iPhone Developer";
				COPY_PHASE_STRIP = NO;
				DEBUG_INFORMATION_FORMAT = "dwarf-with-dsym";
				ENABLE_NS_ASSERTIONS = NO;
				ENABLE_STRICT_OBJC_MSGSEND = YES;
				GCC_C_LANGUAGE_STANDARD = gnu11;
				GCC_NO_COMMON_BLOCKS = YES;
				GCC_WARN_64_TO_32_BIT_CONVERSION = YES;
				GCC_WARN_ABOUT_RETURN_TYPE = YES_ERROR;
				GCC_WARN_UNDECLARED_SELECTOR = YES;
				GCC_WARN_UNINITIALIZED_AUTOS = YES_AGGRESSIVE;
				GCC_WARN_UNUSED_FUNCTION = YES;
				GCC_WARN_UNUSED_VARIABLE = YES;
				IPHONEOS_DEPLOYMENT_TARGET = 12.1;
				MTL_ENABLE_DEBUG_INFO = NO;
				MTL_FAST_MATH = YES;
				SDKROOT = iphoneos;
				SWIFT_COMPILATION_MODE = wholemodule;
				SWIFT_OPTIMIZATION_LEVEL = "-O";
				VALIDATE_PRODUCT = YES;
			};
			name = Release;
		};
		37FE25A1232F594B009290EA /* Debug */ = {
			isa = XCBuildConfiguration;
			buildSettings = {
				ASSETCATALOG_COMPILER_APPICON_NAME = AppIcon;
				CODE_SIGN_STYLE = Automatic;
				FRAMEWORK_SEARCH_PATHS = "";
				INFOPLIST_FILE = "$(SRCROOT)/Customised List View/Info.plist";
				IPHONEOS_DEPLOYMENT_TARGET = 12.1;
				LD_RUNPATH_SEARCH_PATHS = (
					"$(inherited)",
					"@executable_path/Frameworks",
				);
				LIBRARY_SEARCH_PATHS = "";
				PRODUCT_BUNDLE_IDENTIFIER = "com.vrleo.Registration-demo";
				PRODUCT_NAME = "$(TARGET_NAME)";
				SWIFT_OBJC_BRIDGING_HEADER = "/Users/tbs17/Desktop/Customised List View/Customised List View/bridging_header.h";
				SWIFT_VERSION = 4.2;
				TARGETED_DEVICE_FAMILY = "1,2";
			};
			name = Debug;
		};
		37FE25A2232F594B009290EA /* Release */ = {
			isa = XCBuildConfiguration;
			buildSettings = {
				ASSETCATALOG_COMPILER_APPICON_NAME = AppIcon;
				CODE_SIGN_STYLE = Automatic;
				FRAMEWORK_SEARCH_PATHS = "";
				INFOPLIST_FILE = "$(SRCROOT)/Customised List View/Info.plist";
				IPHONEOS_DEPLOYMENT_TARGET = 12.1;
				LD_RUNPATH_SEARCH_PATHS = (
					"$(inherited)",
					"@executable_path/Frameworks",
				);
				LIBRARY_SEARCH_PATHS = "";
				PRODUCT_BUNDLE_IDENTIFIER = "com.vrleo.Registration-demo";
				PRODUCT_NAME = "$(TARGET_NAME)";
				SWIFT_OBJC_BRIDGING_HEADER = "/Users/tbs17/Desktop/Customised List View/Customised List View/bridging_header.h";
				SWIFT_VERSION = 4.2;
				TARGETED_DEVICE_FAMILY = "1,2";
			};
			name = Release;
		};
/* End XCBuildConfiguration section */

/* Begin XCConfigurationList section */
		37FE2589232F593F009290EA /* Build configuration list for PBXProject "Customised List View" */ = {
			isa = XCConfigurationList;
			buildConfigurations = (
				37FE259E232F594B009290EA /* Debug */,
				37FE259F232F594B009290EA /* Release */,
			);
			defaultConfigurationIsVisible = 0;
			defaultConfigurationName = Release;
		};
		37FE25A0232F594B009290EA /* Build configuration list for PBXNativeTarget "Customised List View" */ = {
			isa = XCConfigurationList;
			buildConfigurations = (
				37FE25A1232F594B009290EA /* Debug */,
				37FE25A2232F594B009290EA /* Release */,
			);
			defaultConfigurationIsVisible = 0;
			defaultConfigurationName = Release;
		};
/* End XCConfigurationList section */

/* Begin XCVersionGroup section */
		37FE2D6F232FB60C009290EA /* CoreDB.xcdatamodeld */ = {
			isa = XCVersionGroup;
			children = (
				37FE2D70232FB60C009290EA /* Registration_demo.xcdatamodel */,
			);
			currentVersion = 37FE2D70232FB60C009290EA /* Registration_demo.xcdatamodel */;
			path = CoreDB.xcdatamodeld;
			sourceTree = "<group>";
			versionGroupType = wrapper.xcdatamodel;
		};
/* End XCVersionGroup section */
	};
	rootObject = 37FE2586232F593F009290EA /* Project object */;
}
